
Microsoft Visual Studio Solution File, Format Version 12.00
# Visual Studio Version 16
VisualStudioVersion = 16.0.29009.5
MinimumVisualStudioVersion = 10.0.40219.1
Project("{FAE04EC0-301F-11D3-BF4B-00C04F79EFBC}") = "StudyCSharpApp", "StudyCSharpApp.csproj", "{57C0C421-6DAC-4436-B379-6A6C26D76AAA}"
EndProject
Project("{FAE04EC0-301F-11D3-BF4B-00C04F79EFBC}") = "Study", "..\Study\Study.csproj", "{279A10E0-8090-4C0A-A0EF-2397A13B4E98}"
EndProject
Global
	GlobalSection(SolutionConfigurationPlatforms) = preSolution
		Debug|Any CPU = Debug|Any CPU
		Release|Any CPU = Release|Any CPU
	EndGlobalSection
	GlobalSection(ProjectConfigurationPlatforms) = postSolution
		{57C0C421-6DAC-4436-B379-6A6C26D76AAA}.Debug|Any CPU.ActiveCfg = Debug|Any CPU
		{57C0C421-6DAC-4436-B379-6A6C26D76AAA}.Debug|Any CPU.Build.0 = Debug|Any CPU
		{57C0C421-6DAC-4436-B379-6A6C26D76AAA}.Release|Any CPU.ActiveCfg = Release|Any CPU
		{57C0C421-6DAC-4436-B379-6A6C26D76AAA}.Release|Any CPU.Build.0 = Release|Any CPU
		{279A10E0-8090-4C0A-A0EF-2397A13B4E98}.Debug|Any CPU.ActiveCfg = Debug|Any CPU
		{279A10E0-8090-4C0A-A0EF-2397A13B4E98}.Debug|Any CPU.Build.0 = Debug|Any CPU
		{279A10E0-8090-4C0A-A0EF-2397A13B4E98}.Release|Any CPU.ActiveCfg = Release|Any CPU
		{279A10E0-8090-4C0A-A0EF-2397A13B4E98}.Release|Any CPU.Build.0 = Release|Any CPU
	EndGlobalSection
	GlobalSection(SolutionProperties) = preSolution
		HideSolutionNode = FALSE
	EndGlobalSection
	GlobalSection(ExtensibilityGlobals) = postSolution
		SolutionGuid = {8D9C7C3E-3E41-439E-885C-F4B0F9F20D49}
	EndGlobalSection
EndGlobal
